
Microsoft Visual Studio Solution File, Format Version 12.00
# Visual Studio 2012
Project("{FAE04EC0-301F-11D3-BF4B-00C04F79EFBC}") = "3000_Reload", "3000_Reload\3000_Reload.csproj", "{98F2CE3A-E22A-4258-A258-6EDC516053C2}"
EndProject
Global
	GlobalSection(SolutionConfigurationPlatforms) = preSolution
		Debug|Any CPU = Debug|Any CPU
		Release|Any CPU = Release|Any CPU
	EndGlobalSection
	GlobalSection(ProjectConfigurationPlatforms) = postSolution
		{98F2CE3A-E22A-4258-A258-6EDC516053C2}.Debug|Any CPU.ActiveCfg = Debug|Any CPU
		{98F2CE3A-E22A-4258-A258-6EDC516053C2}.Debug|Any CPU.Build.0 = Debug|Any CPU
		{98F2CE3A-E22A-4258-A258-6EDC516053C2}.Release|Any CPU.ActiveCfg = Release|Any CPU
		{98F2CE3A-E22A-4258-A258-6EDC516053C2}.Release|Any CPU.Build.0 = Release|Any CPU
	EndGlobalSection
	GlobalSection(SolutionProperties) = preSolution
		HideSolutionNode = FALSE
	EndGlobalSection
EndGlobal
